// !$*UTF8*$!
{
	archiveVersion = 1;
	classes = {
	};
	objectVersion = 50;
	objects = {

/* Begin PBXBuildFile section */
		041D940925C8C6BB001544F8 /* AppDelegate.swift in Sources */ = {isa = PBXBuildFile; fileRef = 041D940825C8C6BB001544F8 /* AppDelegate.swift */; };
		041D940D25C8C6BB001544F8 /* ViewController.swift in Sources */ = {isa = PBXBuildFile; fileRef = 041D940C25C8C6BB001544F8 /* ViewController.swift */; };
		041D941025C8C6BC001544F8 /* Main.storyboard in Resources */ = {isa = PBXBuildFile; fileRef = 041D940E25C8C6BC001544F8 /* Main.storyboard */; };
		041D941325C8C6BC001544F8 /* SIRHCOBNOMINA.xcdatamodeld in Sources */ = {isa = PBXBuildFile; fileRef = 041D941125C8C6BC001544F8 /* SIRHCOBNOMINA.xcdatamodeld */; };
		041D941525C8C6FC001544F8 /* Assets.xcassets in Resources */ = {isa = PBXBuildFile; fileRef = 041D941425C8C6FC001544F8 /* Assets.xcassets */; };
		041D941825C8C6FC001544F8 /* LaunchScreen.storyboard in Resources */ = {isa = PBXBuildFile; fileRef = 041D941625C8C6FC001544F8 /* LaunchScreen.storyboard */; };
		041D942325C8C6FF001544F8 /* SIRHCOBNOMINATests.swift in Sources */ = {isa = PBXBuildFile; fileRef = 041D942225C8C6FF001544F8 /* SIRHCOBNOMINATests.swift */; };
		041D942E25C8C6FF001544F8 /* SIRHCOBNOMINAUITests.swift in Sources */ = {isa = PBXBuildFile; fileRef = 041D942D25C8C6FF001544F8 /* SIRHCOBNOMINAUITests.swift */; };
		041D944125C8CAC2001544F8 /* LoginViewController.swift in Sources */ = {isa = PBXBuildFile; fileRef = 041D943F25C8CAC2001544F8 /* LoginViewController.swift */; };
		041D944225C8CAC2001544F8 /* LoginViewController.xib in Resources */ = {isa = PBXBuildFile; fileRef = 041D944025C8CAC2001544F8 /* LoginViewController.xib */; };
		2F7F5D7726555DF600D71A4D /* SearchService.swift in Sources */ = {isa = PBXBuildFile; fileRef = 2F7F5D7626555DF600D71A4D /* SearchService.swift */; };
		4905970625DBA2250095C268 /* MPaySheet.swift in Sources */ = {isa = PBXBuildFile; fileRef = 4905970525DBA2250095C268 /* MPaySheet.swift */; };
		4905970C25DBA7630095C268 /* PaySheetViewController.swift in Sources */ = {isa = PBXBuildFile; fileRef = 4905970A25DBA7630095C268 /* PaySheetViewController.swift */; };
		4905970D25DBA7630095C268 /* PaySheetViewController.xib in Resources */ = {isa = PBXBuildFile; fileRef = 4905970B25DBA7630095C268 /* PaySheetViewController.xib */; };
		4905971425DBA9480095C268 /* PaySheetViewCell.swift in Sources */ = {isa = PBXBuildFile; fileRef = 4905971225DBA9480095C268 /* PaySheetViewCell.swift */; };
		4905971525DBA9480095C268 /* PaySheetViewCell.xib in Resources */ = {isa = PBXBuildFile; fileRef = 4905971325DBA9480095C268 /* PaySheetViewCell.xib */; };
		490931EB25E94F6C003A5C56 /* PaySheetDetailCoordinator.swift in Sources */ = {isa = PBXBuildFile; fileRef = 490931EA25E94F6B003A5C56 /* PaySheetDetailCoordinator.swift */; };
		490A6BBA25E8865100EE6843 /* PaySheetCoordinator.swift in Sources */ = {isa = PBXBuildFile; fileRef = 490A6BB925E8865000EE6843 /* PaySheetCoordinator.swift */; };
		490B2404260A9C46003598E6 /* alfont_com_AlFont_com_Araboto-Bold.ttf in Resources */ = {isa = PBXBuildFile; fileRef = 490B2401260A9C3E003598E6 /* alfont_com_AlFont_com_Araboto-Bold.ttf */; };
		490B2405260A9C46003598E6 /* alfont_com_AlFont_com_Araboto-Medium.ttf in Resources */ = {isa = PBXBuildFile; fileRef = 490B2402260A9C43003598E6 /* alfont_com_AlFont_com_Araboto-Medium.ttf */; };
		490B2406260A9C46003598E6 /* alfont_com_AlFont_com_Araboto-Normal.ttf in Resources */ = {isa = PBXBuildFile; fileRef = 490B2403260A9C45003598E6 /* alfont_com_AlFont_com_Araboto-Normal.ttf */; };
		491B79F8261D7183008304BA /* UITableView+Additions.swift in Sources */ = {isa = PBXBuildFile; fileRef = 491B79F7261D7183008304BA /* UITableView+Additions.swift */; };
		4935218E25D175110037C4C5 /* LoginService.swift in Sources */ = {isa = PBXBuildFile; fileRef = 4935218D25D175110037C4C5 /* LoginService.swift */; };
		4935219325D178390037C4C5 /* UserViewModel.swift in Sources */ = {isa = PBXBuildFile; fileRef = 4935219225D178390037C4C5 /* UserViewModel.swift */; };
		4935219825D1788C0037C4C5 /* MUser.swift in Sources */ = {isa = PBXBuildFile; fileRef = 4935219725D1788C0037C4C5 /* MUser.swift */; };
		494188F325E6250300A06EFD /* PaySheetDetailViewController.swift in Sources */ = {isa = PBXBuildFile; fileRef = 494188F125E6250200A06EFD /* PaySheetDetailViewController.swift */; };
		494188F425E6250300A06EFD /* PaySheetDetailViewController.xib in Resources */ = {isa = PBXBuildFile; fileRef = 494188F225E6250200A06EFD /* PaySheetDetailViewController.xib */; };
		494188FA25E629B400A06EFD /* PaySheetDetailViewCell.swift in Sources */ = {isa = PBXBuildFile; fileRef = 494188F825E629B400A06EFD /* PaySheetDetailViewCell.swift */; };
		494188FB25E629B400A06EFD /* PaySheetDetailViewCell.xib in Resources */ = {isa = PBXBuildFile; fileRef = 494188F925E629B400A06EFD /* PaySheetDetailViewCell.xib */; };
		495A92D525DEC76E00F788D2 /* PaySheetService.swift in Sources */ = {isa = PBXBuildFile; fileRef = 495A92D425DEC76E00F788D2 /* PaySheetService.swift */; };
		495E96CC25E63599004B6B41 /* PaySheetDetailViewModel.swift in Sources */ = {isa = PBXBuildFile; fileRef = 495E96CB25E63599004B6B41 /* PaySheetDetailViewModel.swift */; };
		495E96D125E63733004B6B41 /* MPaySheetDetail.swift in Sources */ = {isa = PBXBuildFile; fileRef = 495E96D025E63733004B6B41 /* MPaySheetDetail.swift */; };
		4987190325D8B2D100037071 /* MAuthenticate.swift in Sources */ = {isa = PBXBuildFile; fileRef = 4987190225D8B2D000037071 /* MAuthenticate.swift */; };
		49A9BFC825DBB3CF0066EED1 /* PaySheetViewModel.swift in Sources */ = {isa = PBXBuildFile; fileRef = 49A9BFC725DBB3CF0066EED1 /* PaySheetViewModel.swift */; };
		49FFDBEB25E80A1400AB6D72 /* MainCoordinator.swift in Sources */ = {isa = PBXBuildFile; fileRef = 49FFDBEA25E80A1400AB6D72 /* MainCoordinator.swift */; };
/* End PBXBuildFile section */

/* Begin PBXContainerItemProxy section */
		041D941F25C8C6FF001544F8 /* PBXContainerItemProxy */ = {
			isa = PBXContainerItemProxy;
			containerPortal = 041D93FD25C8C6BA001544F8 /* Project object */;
			proxyType = 1;
			remoteGlobalIDString = 041D940425C8C6BA001544F8;
			remoteInfo = SIRHCOBNOMINA;
		};
		041D942A25C8C6FF001544F8 /* PBXContainerItemProxy */ = {
			isa = PBXContainerItemProxy;
			containerPortal = 041D93FD25C8C6BA001544F8 /* Project object */;
			proxyType = 1;
			remoteGlobalIDString = 041D940425C8C6BA001544F8;
			remoteInfo = SIRHCOBNOMINA;
		};
/* End PBXContainerItemProxy section */

/* Begin PBXFileReference section */
		041D940525C8C6BB001544F8 /* SIRHCOBNOMINA.app */ = {isa = PBXFileReference; explicitFileType = wrapper.application; includeInIndex = 0; path = SIRHCOBNOMINA.app; sourceTree = BUILT_PRODUCTS_DIR; };
		041D940825C8C6BB001544F8 /* AppDelegate.swift */ = {isa = PBXFileReference; lastKnownFileType = sourcecode.swift; path = AppDelegate.swift; sourceTree = "<group>"; };
		041D940C25C8C6BB001544F8 /* ViewController.swift */ = {isa = PBXFileReference; lastKnownFileType = sourcecode.swift; path = ViewController.swift; sourceTree = "<group>"; };
		041D940F25C8C6BC001544F8 /* Base */ = {isa = PBXFileReference; lastKnownFileType = file.storyboard; name = Base; path = Base.lproj/Main.storyboard; sourceTree = "<group>"; };
		041D941225C8C6BC001544F8 /* SIRHCOBNOMINA.xcdatamodel */ = {isa = PBXFileReference; lastKnownFileType = wrapper.xcdatamodel; path = SIRHCOBNOMINA.xcdatamodel; sourceTree = "<group>"; };
		041D941425C8C6FC001544F8 /* Assets.xcassets */ = {isa = PBXFileReference; lastKnownFileType = folder.assetcatalog; path = Assets.xcassets; sourceTree = "<group>"; };
		041D941725C8C6FC001544F8 /* Base */ = {isa = PBXFileReference; lastKnownFileType = file.storyboard; name = Base; path = Base.lproj/LaunchScreen.storyboard; sourceTree = "<group>"; };
		041D941925C8C6FC001544F8 /* Info.plist */ = {isa = PBXFileReference; lastKnownFileType = text.plist.xml; path = Info.plist; sourceTree = "<group>"; };
		041D941E25C8C6FF001544F8 /* SIRHCOBNOMINATests.xctest */ = {isa = PBXFileReference; explicitFileType = wrapper.cfbundle; includeInIndex = 0; path = SIRHCOBNOMINATests.xctest; sourceTree = BUILT_PRODUCTS_DIR; };
		041D942225C8C6FF001544F8 /* SIRHCOBNOMINATests.swift */ = {isa = PBXFileReference; lastKnownFileType = sourcecode.swift; path = SIRHCOBNOMINATests.swift; sourceTree = "<group>"; };
		041D942425C8C6FF001544F8 /* Info.plist */ = {isa = PBXFileReference; lastKnownFileType = text.plist.xml; path = Info.plist; sourceTree = "<group>"; };
		041D942925C8C6FF001544F8 /* SIRHCOBNOMINAUITests.xctest */ = {isa = PBXFileReference; explicitFileType = wrapper.cfbundle; includeInIndex = 0; path = SIRHCOBNOMINAUITests.xctest; sourceTree = BUILT_PRODUCTS_DIR; };
		041D942D25C8C6FF001544F8 /* SIRHCOBNOMINAUITests.swift */ = {isa = PBXFileReference; lastKnownFileType = sourcecode.swift; path = SIRHCOBNOMINAUITests.swift; sourceTree = "<group>"; };
		041D942F25C8C6FF001544F8 /* Info.plist */ = {isa = PBXFileReference; lastKnownFileType = text.plist.xml; path = Info.plist; sourceTree = "<group>"; };
		041D943F25C8CAC2001544F8 /* LoginViewController.swift */ = {isa = PBXFileReference; lastKnownFileType = sourcecode.swift; path = LoginViewController.swift; sourceTree = "<group>"; };
		041D944025C8CAC2001544F8 /* LoginViewController.xib */ = {isa = PBXFileReference; lastKnownFileType = file.xib; path = LoginViewController.xib; sourceTree = "<group>"; };
		2F7F5D7626555DF600D71A4D /* SearchService.swift */ = {isa = PBXFileReference; lastKnownFileType = sourcecode.swift; path = SearchService.swift; sourceTree = "<group>"; };
		4905970525DBA2250095C268 /* MPaySheet.swift */ = {isa = PBXFileReference; lastKnownFileType = sourcecode.swift; path = MPaySheet.swift; sourceTree = "<group>"; };
		4905970A25DBA7630095C268 /* PaySheetViewController.swift */ = {isa = PBXFileReference; lastKnownFileType = sourcecode.swift; path = PaySheetViewController.swift; sourceTree = "<group>"; };
		4905970B25DBA7630095C268 /* PaySheetViewController.xib */ = {isa = PBXFileReference; lastKnownFileType = file.xib; path = PaySheetViewController.xib; sourceTree = "<group>"; };
		4905971225DBA9480095C268 /* PaySheetViewCell.swift */ = {isa = PBXFileReference; lastKnownFileType = sourcecode.swift; path = PaySheetViewCell.swift; sourceTree = "<group>"; };
		4905971325DBA9480095C268 /* PaySheetViewCell.xib */ = {isa = PBXFileReference; lastKnownFileType = file.xib; path = PaySheetViewCell.xib; sourceTree = "<group>"; };
		490931EA25E94F6B003A5C56 /* PaySheetDetailCoordinator.swift */ = {isa = PBXFileReference; lastKnownFileType = sourcecode.swift; path = PaySheetDetailCoordinator.swift; sourceTree = "<group>"; };
		490A6BB925E8865000EE6843 /* PaySheetCoordinator.swift */ = {isa = PBXFileReference; lastKnownFileType = sourcecode.swift; path = PaySheetCoordinator.swift; sourceTree = "<group>"; };
		490B2401260A9C3E003598E6 /* alfont_com_AlFont_com_Araboto-Bold.ttf */ = {isa = PBXFileReference; lastKnownFileType = file; path = "alfont_com_AlFont_com_Araboto-Bold.ttf"; sourceTree = "<group>"; };
		490B2402260A9C43003598E6 /* alfont_com_AlFont_com_Araboto-Medium.ttf */ = {isa = PBXFileReference; lastKnownFileType = file; path = "alfont_com_AlFont_com_Araboto-Medium.ttf"; sourceTree = "<group>"; };
		490B2403260A9C45003598E6 /* alfont_com_AlFont_com_Araboto-Normal.ttf */ = {isa = PBXFileReference; lastKnownFileType = file; path = "alfont_com_AlFont_com_Araboto-Normal.ttf"; sourceTree = "<group>"; };
		491B79F7261D7183008304BA /* UITableView+Additions.swift */ = {isa = PBXFileReference; lastKnownFileType = sourcecode.swift; path = "UITableView+Additions.swift"; sourceTree = "<group>"; };
		4935218D25D175110037C4C5 /* LoginService.swift */ = {isa = PBXFileReference; lastKnownFileType = sourcecode.swift; path = LoginService.swift; sourceTree = "<group>"; };
		4935219225D178390037C4C5 /* UserViewModel.swift */ = {isa = PBXFileReference; lastKnownFileType = sourcecode.swift; path = UserViewModel.swift; sourceTree = "<group>"; };
		4935219725D1788C0037C4C5 /* MUser.swift */ = {isa = PBXFileReference; lastKnownFileType = sourcecode.swift; path = MUser.swift; sourceTree = "<group>"; };
		494188F125E6250200A06EFD /* PaySheetDetailViewController.swift */ = {isa = PBXFileReference; lastKnownFileType = sourcecode.swift; path = PaySheetDetailViewController.swift; sourceTree = "<group>"; };
		494188F225E6250200A06EFD /* PaySheetDetailViewController.xib */ = {isa = PBXFileReference; lastKnownFileType = file.xib; path = PaySheetDetailViewController.xib; sourceTree = "<group>"; };
		494188F825E629B400A06EFD /* PaySheetDetailViewCell.swift */ = {isa = PBXFileReference; lastKnownFileType = sourcecode.swift; path = PaySheetDetailViewCell.swift; sourceTree = "<group>"; };
		494188F925E629B400A06EFD /* PaySheetDetailViewCell.xib */ = {isa = PBXFileReference; lastKnownFileType = file.xib; path = PaySheetDetailViewCell.xib; sourceTree = "<group>"; };
		495A92D425DEC76E00F788D2 /* PaySheetService.swift */ = {isa = PBXFileReference; lastKnownFileType = sourcecode.swift; path = PaySheetService.swift; sourceTree = "<group>"; };
		495E96CB25E63599004B6B41 /* PaySheetDetailViewModel.swift */ = {isa = PBXFileReference; lastKnownFileType = sourcecode.swift; path = PaySheetDetailViewModel.swift; sourceTree = "<group>"; };
		495E96D025E63733004B6B41 /* MPaySheetDetail.swift */ = {isa = PBXFileReference; lastKnownFileType = sourcecode.swift; path = MPaySheetDetail.swift; sourceTree = "<group>"; };
		4987190225D8B2D000037071 /* MAuthenticate.swift */ = {isa = PBXFileReference; lastKnownFileType = sourcecode.swift; path = MAuthenticate.swift; sourceTree = "<group>"; };
		49A9BFC725DBB3CF0066EED1 /* PaySheetViewModel.swift */ = {isa = PBXFileReference; lastKnownFileType = sourcecode.swift; path = PaySheetViewModel.swift; sourceTree = "<group>"; };
		49FFDBEA25E80A1400AB6D72 /* MainCoordinator.swift */ = {isa = PBXFileReference; lastKnownFileType = sourcecode.swift; path = MainCoordinator.swift; sourceTree = "<group>"; };
/* End PBXFileReference section */

/* Begin PBXFrameworksBuildPhase section */
		041D940225C8C6BA001544F8 /* Frameworks */ = {
			isa = PBXFrameworksBuildPhase;
			buildActionMask = 2147483647;
			files = (
			);
			runOnlyForDeploymentPostprocessing = 0;
		};
		041D941B25C8C6FF001544F8 /* Frameworks */ = {
			isa = PBXFrameworksBuildPhase;
			buildActionMask = 2147483647;
			files = (
			);
			runOnlyForDeploymentPostprocessing = 0;
		};
		041D942625C8C6FF001544F8 /* Frameworks */ = {
			isa = PBXFrameworksBuildPhase;
			buildActionMask = 2147483647;
			files = (
			);
			runOnlyForDeploymentPostprocessing = 0;
		};
/* End PBXFrameworksBuildPhase section */

/* Begin PBXGroup section */
		041D93FC25C8C6BA001544F8 = {
			isa = PBXGroup;
			children = (
				041D940725C8C6BB001544F8 /* SIRHCOBNOMINA */,
				041D942125C8C6FF001544F8 /* SIRHCOBNOMINATests */,
				041D942C25C8C6FF001544F8 /* SIRHCOBNOMINAUITests */,
				041D940625C8C6BB001544F8 /* Products */,
			);
			sourceTree = "<group>";
		};
		041D940625C8C6BB001544F8 /* Products */ = {
			isa = PBXGroup;
			children = (
				041D940525C8C6BB001544F8 /* SIRHCOBNOMINA.app */,
				041D941E25C8C6FF001544F8 /* SIRHCOBNOMINATests.xctest */,
				041D942925C8C6FF001544F8 /* SIRHCOBNOMINAUITests.xctest */,
			);
			name = Products;
			sourceTree = "<group>";
		};
		041D940725C8C6BB001544F8 /* SIRHCOBNOMINA */ = {
			isa = PBXGroup;
			children = (
				041D944C25C8CE39001544F8 /* Main */,
				041D940825C8C6BB001544F8 /* AppDelegate.swift */,
				041D940C25C8C6BB001544F8 /* ViewController.swift */,
				041D940E25C8C6BC001544F8 /* Main.storyboard */,
				041D941425C8C6FC001544F8 /* Assets.xcassets */,
				041D941625C8C6FC001544F8 /* LaunchScreen.storyboard */,
				041D941925C8C6FC001544F8 /* Info.plist */,
				041D941125C8C6BC001544F8 /* SIRHCOBNOMINA.xcdatamodeld */,
			);
			path = SIRHCOBNOMINA;
			sourceTree = "<group>";
		};
		041D942125C8C6FF001544F8 /* SIRHCOBNOMINATests */ = {
			isa = PBXGroup;
			children = (
				041D942225C8C6FF001544F8 /* SIRHCOBNOMINATests.swift */,
				041D942425C8C6FF001544F8 /* Info.plist */,
			);
			path = SIRHCOBNOMINATests;
			sourceTree = "<group>";
		};
		041D942C25C8C6FF001544F8 /* SIRHCOBNOMINAUITests */ = {
			isa = PBXGroup;
			children = (
				041D942D25C8C6FF001544F8 /* SIRHCOBNOMINAUITests.swift */,
				041D942F25C8C6FF001544F8 /* Info.plist */,
			);
			path = SIRHCOBNOMINAUITests;
			sourceTree = "<group>";
		};
		041D943E25C8CA3B001544F8 /* View */ = {
			isa = PBXGroup;
			children = (
				4916563C25E584080015E1C5 /* PaySheetDetailView */,
				4905971C25DBA9570095C268 /* LoginView */,
				4905971125DBA8E80095C268 /* PaySheetView */,
			);
			path = View;
			sourceTree = "<group>";
		};
		041D944625C8CD92001544F8 /* ViewModel */ = {
			isa = PBXGroup;
			children = (
				4935219225D178390037C4C5 /* UserViewModel.swift */,
				49A9BFC725DBB3CF0066EED1 /* PaySheetViewModel.swift */,
				495E96CB25E63599004B6B41 /* PaySheetDetailViewModel.swift */,
			);
			path = ViewModel;
			sourceTree = "<group>";
		};
		041D944725C8CDB8001544F8 /* Model */ = {
			isa = PBXGroup;
			children = (
				4935219725D1788C0037C4C5 /* MUser.swift */,
				4987190225D8B2D000037071 /* MAuthenticate.swift */,
				4905970525DBA2250095C268 /* MPaySheet.swift */,
				495E96D025E63733004B6B41 /* MPaySheetDetail.swift */,
			);
			path = Model;
			sourceTree = "<group>";
		};
		041D944C25C8CE39001544F8 /* Main */ = {
			isa = PBXGroup;
			children = (
				490B2400260A9BAA003598E6 /* Resources */,
				49FFDBE925E809C300AB6D72 /* Coordinator */,
				4935218925D174C70037C4C5 /* API */,
				041D944725C8CDB8001544F8 /* Model */,
				041D943E25C8CA3B001544F8 /* View */,
				041D944625C8CD92001544F8 /* ViewModel */,
			);
			path = Main;
			sourceTree = "<group>";
		};
		4905971125DBA8E80095C268 /* PaySheetView */ = {
			isa = PBXGroup;
			children = (
				4905970A25DBA7630095C268 /* PaySheetViewController.swift */,
				4905970B25DBA7630095C268 /* PaySheetViewController.xib */,
				4905971225DBA9480095C268 /* PaySheetViewCell.swift */,
				4905971325DBA9480095C268 /* PaySheetViewCell.xib */,
			);
			path = PaySheetView;
			sourceTree = "<group>";
		};
		4905971C25DBA9570095C268 /* LoginView */ = {
			isa = PBXGroup;
			children = (
				041D943F25C8CAC2001544F8 /* LoginViewController.swift */,
				041D944025C8CAC2001544F8 /* LoginViewController.xib */,
			);
			path = LoginView;
			sourceTree = "<group>";
		};
		490B2400260A9BAA003598E6 /* Resources */ = {
			isa = PBXGroup;
			children = (
				490B2401260A9C3E003598E6 /* alfont_com_AlFont_com_Araboto-Bold.ttf */,
				490B2402260A9C43003598E6 /* alfont_com_AlFont_com_Araboto-Medium.ttf */,
				490B2403260A9C45003598E6 /* alfont_com_AlFont_com_Araboto-Normal.ttf */,
			);
			path = Resources;
			sourceTree = "<group>";
		};
		4916563C25E584080015E1C5 /* PaySheetDetailView */ = {
			isa = PBXGroup;
			children = (
				494188F125E6250200A06EFD /* PaySheetDetailViewController.swift */,
				494188F225E6250200A06EFD /* PaySheetDetailViewController.xib */,
				494188F825E629B400A06EFD /* PaySheetDetailViewCell.swift */,
				494188F925E629B400A06EFD /* PaySheetDetailViewCell.xib */,
				491B79F7261D7183008304BA /* UITableView+Additions.swift */,
			);
			path = PaySheetDetailView;
			sourceTree = "<group>";
		};
		4935218925D174C70037C4C5 /* API */ = {
			isa = PBXGroup;
			children = (
				4935218D25D175110037C4C5 /* LoginService.swift */,
				495A92D425DEC76E00F788D2 /* PaySheetService.swift */,
				2F7F5D7626555DF600D71A4D /* SearchService.swift */,
			);
			path = API;
			sourceTree = "<group>";
		};
		49FFDBE925E809C300AB6D72 /* Coordinator */ = {
			isa = PBXGroup;
			children = (
				49FFDBEA25E80A1400AB6D72 /* MainCoordinator.swift */,
				490A6BB925E8865000EE6843 /* PaySheetCoordinator.swift */,
				490931EA25E94F6B003A5C56 /* PaySheetDetailCoordinator.swift */,
			);
			path = Coordinator;
			sourceTree = "<group>";
		};
/* End PBXGroup section */

/* Begin PBXNativeTarget section */
		041D940425C8C6BA001544F8 /* SIRHCOBNOMINA */ = {
			isa = PBXNativeTarget;
			buildConfigurationList = 041D943225C8C6FF001544F8 /* Build configuration list for PBXNativeTarget "SIRHCOBNOMINA" */;
			buildPhases = (
				041D940125C8C6BA001544F8 /* Sources */,
				041D940225C8C6BA001544F8 /* Frameworks */,
				041D940325C8C6BA001544F8 /* Resources */,
			);
			buildRules = (
			);
			dependencies = (
			);
			name = SIRHCOBNOMINA;
			productName = SIRHCOBNOMINA;
			productReference = 041D940525C8C6BB001544F8 /* SIRHCOBNOMINA.app */;
			productType = "com.apple.product-type.application";
		};
		041D941D25C8C6FF001544F8 /* SIRHCOBNOMINATests */ = {
			isa = PBXNativeTarget;
			buildConfigurationList = 041D943525C8C6FF001544F8 /* Build configuration list for PBXNativeTarget "SIRHCOBNOMINATests" */;
			buildPhases = (
				041D941A25C8C6FF001544F8 /* Sources */,
				041D941B25C8C6FF001544F8 /* Frameworks */,
				041D941C25C8C6FF001544F8 /* Resources */,
			);
			buildRules = (
			);
			dependencies = (
				041D942025C8C6FF001544F8 /* PBXTargetDependency */,
			);
			name = SIRHCOBNOMINATests;
			productName = SIRHCOBNOMINATests;
			productReference = 041D941E25C8C6FF001544F8 /* SIRHCOBNOMINATests.xctest */;
			productType = "com.apple.product-type.bundle.unit-test";
		};
		041D942825C8C6FF001544F8 /* SIRHCOBNOMINAUITests */ = {
			isa = PBXNativeTarget;
			buildConfigurationList = 041D943825C8C6FF001544F8 /* Build configuration list for PBXNativeTarget "SIRHCOBNOMINAUITests" */;
			buildPhases = (
				041D942525C8C6FF001544F8 /* Sources */,
				041D942625C8C6FF001544F8 /* Frameworks */,
				041D942725C8C6FF001544F8 /* Resources */,
			);
			buildRules = (
			);
			dependencies = (
				041D942B25C8C6FF001544F8 /* PBXTargetDependency */,
			);
			name = SIRHCOBNOMINAUITests;
			productName = SIRHCOBNOMINAUITests;
			productReference = 041D942925C8C6FF001544F8 /* SIRHCOBNOMINAUITests.xctest */;
			productType = "com.apple.product-type.bundle.ui-testing";
		};
/* End PBXNativeTarget section */

/* Begin PBXProject section */
		041D93FD25C8C6BA001544F8 /* Project object */ = {
			isa = PBXProject;
			attributes = {
				LastSwiftUpdateCheck = 1220;
				LastUpgradeCheck = 1220;
				TargetAttributes = {
					041D940425C8C6BA001544F8 = {
						CreatedOnToolsVersion = 12.2;
					};
					041D941D25C8C6FF001544F8 = {
						CreatedOnToolsVersion = 12.2;
						TestTargetID = 041D940425C8C6BA001544F8;
					};
					041D942825C8C6FF001544F8 = {
						CreatedOnToolsVersion = 12.2;
						TestTargetID = 041D940425C8C6BA001544F8;
					};
				};
			};
			buildConfigurationList = 041D940025C8C6BA001544F8 /* Build configuration list for PBXProject "SIRHCOBNOMINA" */;
			compatibilityVersion = "Xcode 9.3";
			developmentRegion = en;
			hasScannedForEncodings = 0;
			knownRegions = (
				en,
				Base,
			);
			mainGroup = 041D93FC25C8C6BA001544F8;
			productRefGroup = 041D940625C8C6BB001544F8 /* Products */;
			projectDirPath = "";
			projectRoot = "";
			targets = (
				041D940425C8C6BA001544F8 /* SIRHCOBNOMINA */,
				041D941D25C8C6FF001544F8 /* SIRHCOBNOMINATests */,
				041D942825C8C6FF001544F8 /* SIRHCOBNOMINAUITests */,
			);
		};
/* End PBXProject section */

/* Begin PBXResourcesBuildPhase section */
		041D940325C8C6BA001544F8 /* Resources */ = {
			isa = PBXResourcesBuildPhase;
			buildActionMask = 2147483647;
			files = (
				041D944225C8CAC2001544F8 /* LoginViewController.xib in Resources */,
				4905970D25DBA7630095C268 /* PaySheetViewController.xib in Resources */,
				494188F425E6250300A06EFD /* PaySheetDetailViewController.xib in Resources */,
				041D941825C8C6FC001544F8 /* LaunchScreen.storyboard in Resources */,
				490B2406260A9C46003598E6 /* alfont_com_AlFont_com_Araboto-Normal.ttf in Resources */,
				490B2405260A9C46003598E6 /* alfont_com_AlFont_com_Araboto-Medium.ttf in Resources */,
				494188FB25E629B400A06EFD /* PaySheetDetailViewCell.xib in Resources */,
				4905971525DBA9480095C268 /* PaySheetViewCell.xib in Resources */,
				041D941525C8C6FC001544F8 /* Assets.xcassets in Resources */,
				490B2404260A9C46003598E6 /* alfont_com_AlFont_com_Araboto-Bold.ttf in Resources */,
				041D941025C8C6BC001544F8 /* Main.storyboard in Resources */,
			);
			runOnlyForDeploymentPostprocessing = 0;
		};
		041D941C25C8C6FF001544F8 /* Resources */ = {
			isa = PBXResourcesBuildPhase;
			buildActionMask = 2147483647;
			files = (
			);
			runOnlyForDeploymentPostprocessing = 0;
		};
		041D942725C8C6FF001544F8 /* Resources */ = {
			isa = PBXResourcesBuildPhase;
			buildActionMask = 2147483647;
			files = (
			);
			runOnlyForDeploymentPostprocessing = 0;
		};
/* End PBXResourcesBuildPhase section */

/* Begin PBXSourcesBuildPhase section */
		041D940125C8C6BA001544F8 /* Sources */ = {
			isa = PBXSourcesBuildPhase;
			buildActionMask = 2147483647;
			files = (
				041D940D25C8C6BB001544F8 /* ViewController.swift in Sources */,
				4905971425DBA9480095C268 /* PaySheetViewCell.swift in Sources */,
				495E96D125E63733004B6B41 /* MPaySheetDetail.swift in Sources */,
				2F7F5D7726555DF600D71A4D /* SearchService.swift in Sources */,
				4905970C25DBA7630095C268 /* PaySheetViewController.swift in Sources */,
				490931EB25E94F6C003A5C56 /* PaySheetDetailCoordinator.swift in Sources */,
				4935218E25D175110037C4C5 /* LoginService.swift in Sources */,
				4905970625DBA2250095C268 /* MPaySheet.swift in Sources */,
				4987190325D8B2D100037071 /* MAuthenticate.swift in Sources */,
				495A92D525DEC76E00F788D2 /* PaySheetService.swift in Sources */,
				491B79F8261D7183008304BA /* UITableView+Additions.swift in Sources */,
				49FFDBEB25E80A1400AB6D72 /* MainCoordinator.swift in Sources */,
				041D940925C8C6BB001544F8 /* AppDelegate.swift in Sources */,
				490A6BBA25E8865100EE6843 /* PaySheetCoordinator.swift in Sources */,
				041D941325C8C6BC001544F8 /* SIRHCOBNOMINA.xcdatamodeld in Sources */,
				4935219825D1788C0037C4C5 /* MUser.swift in Sources */,
				495E96CC25E63599004B6B41 /* PaySheetDetailViewModel.swift in Sources */,
				494188F325E6250300A06EFD /* PaySheetDetailViewController.swift in Sources */,
				494188FA25E629B400A06EFD /* PaySheetDetailViewCell.swift in Sources */,
				49A9BFC825DBB3CF0066EED1 /* PaySheetViewModel.swift in Sources */,
				041D944125C8CAC2001544F8 /* LoginViewController.swift in Sources */,
				4935219325D178390037C4C5 /* UserViewModel.swift in Sources */,
			);
			runOnlyForDeploymentPostprocessing = 0;
		};
		041D941A25C8C6FF001544F8 /* Sources */ = {
			isa = PBXSourcesBuildPhase;
			buildActionMask = 2147483647;
			files = (
				041D942325C8C6FF001544F8 /* SIRHCOBNOMINATests.swift in Sources */,
			);
			runOnlyForDeploymentPostprocessing = 0;
		};
		041D942525C8C6FF001544F8 /* Sources */ = {
			isa = PBXSourcesBuildPhase;
			buildActionMask = 2147483647;
			files = (
				041D942E25C8C6FF001544F8 /* SIRHCOBNOMINAUITests.swift in Sources */,
			);
			runOnlyForDeploymentPostprocessing = 0;
		};
/* End PBXSourcesBuildPhase section */

/* Begin PBXTargetDependency section */
		041D942025C8C6FF001544F8 /* PBXTargetDependency */ = {
			isa = PBXTargetDependency;
			target = 041D940425C8C6BA001544F8 /* SIRHCOBNOMINA */;
			targetProxy = 041D941F25C8C6FF001544F8 /* PBXContainerItemProxy */;
		};
		041D942B25C8C6FF001544F8 /* PBXTargetDependency */ = {
			isa = PBXTargetDependency;
			target = 041D940425C8C6BA001544F8 /* SIRHCOBNOMINA */;
			targetProxy = 041D942A25C8C6FF001544F8 /* PBXContainerItemProxy */;
		};
/* End PBXTargetDependency section */

/* Begin PBXVariantGroup section */
		041D940E25C8C6BC001544F8 /* Main.storyboard */ = {
			isa = PBXVariantGroup;
			children = (
				041D940F25C8C6BC001544F8 /* Base */,
			);
			name = Main.storyboard;
			sourceTree = "<group>";
		};
		041D941625C8C6FC001544F8 /* LaunchScreen.storyboard */ = {
			isa = PBXVariantGroup;
			children = (
				041D941725C8C6FC001544F8 /* Base */,
			);
			name = LaunchScreen.storyboard;
			sourceTree = "<group>";
		};
/* End PBXVariantGroup section */

/* Begin XCBuildConfiguration section */
		041D943025C8C6FF001544F8 /* Debug */ = {
			isa = XCBuildConfiguration;
			buildSettings = {
				ALWAYS_SEARCH_USER_PATHS = NO;
				CLANG_ANALYZER_NONNULL = YES;
				CLANG_ANALYZER_NUMBER_OBJECT_CONVERSION = YES_AGGRESSIVE;
				CLANG_CXX_LANGUAGE_STANDARD = "gnu++14";
				CLANG_CXX_LIBRARY = "libc++";
				CLANG_ENABLE_MODULES = YES;
				CLANG_ENABLE_OBJC_ARC = YES;
				CLANG_ENABLE_OBJC_WEAK = YES;
				CLANG_WARN_BLOCK_CAPTURE_AUTORELEASING = YES;
				CLANG_WARN_BOOL_CONVERSION = YES;
				CLANG_WARN_COMMA = YES;
				CLANG_WARN_CONSTANT_CONVERSION = YES;
				CLANG_WARN_DEPRECATED_OBJC_IMPLEMENTATIONS = YES;
				CLANG_WARN_DIRECT_OBJC_ISA_USAGE = YES_ERROR;
				CLANG_WARN_DOCUMENTATION_COMMENTS = YES;
				CLANG_WARN_EMPTY_BODY = YES;
				CLANG_WARN_ENUM_CONVERSION = YES;
				CLANG_WARN_INFINITE_RECURSION = YES;
				CLANG_WARN_INT_CONVERSION = YES;
				CLANG_WARN_NON_LITERAL_NULL_CONVERSION = YES;
				CLANG_WARN_OBJC_IMPLICIT_RETAIN_SELF = YES;
				CLANG_WARN_OBJC_LITERAL_CONVERSION = YES;
				CLANG_WARN_OBJC_ROOT_CLASS = YES_ERROR;
				CLANG_WARN_QUOTED_INCLUDE_IN_FRAMEWORK_HEADER = YES;
				CLANG_WARN_RANGE_LOOP_ANALYSIS = YES;
				CLANG_WARN_STRICT_PROTOTYPES = YES;
				CLANG_WARN_SUSPICIOUS_MOVE = YES;
				CLANG_WARN_UNGUARDED_AVAILABILITY = YES_AGGRESSIVE;
				CLANG_WARN_UNREACHABLE_CODE = YES;
				CLANG_WARN__DUPLICATE_METHOD_MATCH = YES;
				COPY_PHASE_STRIP = NO;
				DEBUG_INFORMATION_FORMAT = dwarf;
				ENABLE_STRICT_OBJC_MSGSEND = YES;
				ENABLE_TESTABILITY = YES;
				GCC_C_LANGUAGE_STANDARD = gnu11;
				GCC_DYNAMIC_NO_PIC = NO;
				GCC_NO_COMMON_BLOCKS = YES;
				GCC_OPTIMIZATION_LEVEL = 0;
				GCC_PREPROCESSOR_DEFINITIONS = (
					"DEBUG=1",
					"$(inherited)",
				);
				GCC_WARN_64_TO_32_BIT_CONVERSION = YES;
				GCC_WARN_ABOUT_RETURN_TYPE = YES_ERROR;
				GCC_WARN_UNDECLARED_SELECTOR = YES;
				GCC_WARN_UNINITIALIZED_AUTOS = YES_AGGRESSIVE;
				GCC_WARN_UNUSED_FUNCTION = YES;
				GCC_WARN_UNUSED_VARIABLE = YES;
				IPHONEOS_DEPLOYMENT_TARGET = 14.2;
				MTL_ENABLE_DEBUG_INFO = INCLUDE_SOURCE;
				MTL_FAST_MATH = YES;
				ONLY_ACTIVE_ARCH = YES;
				SDKROOT = iphoneos;
				SWIFT_ACTIVE_COMPILATION_CONDITIONS = DEBUG;
				SWIFT_OPTIMIZATION_LEVEL = "-Onone";
			};
			name = Debug;
		};
		041D943125C8C6FF001544F8 /* Release */ = {
			isa = XCBuildConfiguration;
			buildSettings = {
				ALWAYS_SEARCH_USER_PATHS = NO;
				CLANG_ANALYZER_NONNULL = YES;
				CLANG_ANALYZER_NUMBER_OBJECT_CONVERSION = YES_AGGRESSIVE;
				CLANG_CXX_LANGUAGE_STANDARD = "gnu++14";
				CLANG_CXX_LIBRARY = "libc++";
				CLANG_ENABLE_MODULES = YES;
				CLANG_ENABLE_OBJC_ARC = YES;
				CLANG_ENABLE_OBJC_WEAK = YES;
				CLANG_WARN_BLOCK_CAPTURE_AUTORELEASING = YES;
				CLANG_WARN_BOOL_CONVERSION = YES;
				CLANG_WARN_COMMA = YES;
				CLANG_WARN_CONSTANT_CONVERSION = YES;
				CLANG_WARN_DEPRECATED_OBJC_IMPLEMENTATIONS = YES;
				CLANG_WARN_DIRECT_OBJC_ISA_USAGE = YES_ERROR;
				CLANG_WARN_DOCUMENTATION_COMMENTS = YES;
				CLANG_WARN_EMPTY_BODY = YES;
				CLANG_WARN_ENUM_CONVERSION = YES;
				CLANG_WARN_INFINITE_RECURSION = YES;
				CLANG_WARN_INT_CONVERSION = YES;
				CLANG_WARN_NON_LITERAL_NULL_CONVERSION = YES;
				CLANG_WARN_OBJC_IMPLICIT_RETAIN_SELF = YES;
				CLANG_WARN_OBJC_LITERAL_CONVERSION = YES;
				CLANG_WARN_OBJC_ROOT_CLASS = YES_ERROR;
				CLANG_WARN_QUOTED_INCLUDE_IN_FRAMEWORK_HEADER = YES;
				CLANG_WARN_RANGE_LOOP_ANALYSIS = YES;
				CLANG_WARN_STRICT_PROTOTYPES = YES;
				CLANG_WARN_SUSPICIOUS_MOVE = YES;
				CLANG_WARN_UNGUARDED_AVAILABILITY = YES_AGGRESSIVE;
				CLANG_WARN_UNREACHABLE_CODE = YES;
				CLANG_WARN__DUPLICATE_METHOD_MATCH = YES;
				COPY_PHASE_STRIP = NO;
				DEBUG_INFORMATION_FORMAT = "dwarf-with-dsym";
				ENABLE_NS_ASSERTIONS = NO;
				ENABLE_STRICT_OBJC_MSGSEND = YES;
				GCC_C_LANGUAGE_STANDARD = gnu11;
				GCC_NO_COMMON_BLOCKS = YES;
				GCC_WARN_64_TO_32_BIT_CONVERSION = YES;
				GCC_WARN_ABOUT_RETURN_TYPE = YES_ERROR;
				GCC_WARN_UNDECLARED_SELECTOR = YES;
				GCC_WARN_UNINITIALIZED_AUTOS = YES_AGGRESSIVE;
				GCC_WARN_UNUSED_FUNCTION = YES;
				GCC_WARN_UNUSED_VARIABLE = YES;
				IPHONEOS_DEPLOYMENT_TARGET = 14.2;
				MTL_ENABLE_DEBUG_INFO = NO;
				MTL_FAST_MATH = YES;
				SDKROOT = iphoneos;
				SWIFT_COMPILATION_MODE = wholemodule;
				SWIFT_OPTIMIZATION_LEVEL = "-O";
				VALIDATE_PRODUCT = YES;
			};
			name = Release;
		};
		041D943325C8C6FF001544F8 /* Debug */ = {
			isa = XCBuildConfiguration;
			buildSettings = {
				ASSETCATALOG_COMPILER_APPICON_NAME = AppIcon;
				ASSETCATALOG_COMPILER_GLOBAL_ACCENT_COLOR_NAME = AccentColor;
				CODE_SIGN_STYLE = Automatic;
				DEVELOPMENT_TEAM = Y3K45A2JKJ;
				INFOPLIST_FILE = SIRHCOBNOMINA/Info.plist;
				IPHONEOS_DEPLOYMENT_TARGET = 11.0;
				LD_RUNPATH_SEARCH_PATHS = (
					"$(inherited)",
					"@executable_path/Frameworks",
				);
				PRODUCT_BUNDLE_IDENTIFIER = CBI.SIRHCOBNOMINA;
				PRODUCT_NAME = "$(TARGET_NAME)";
				SWIFT_VERSION = 5.0;
				TARGETED_DEVICE_FAMILY = "1,2";
			};
			name = Debug;
		};
		041D943425C8C6FF001544F8 /* Release */ = {
			isa = XCBuildConfiguration;
			buildSettings = {
				ASSETCATALOG_COMPILER_APPICON_NAME = AppIcon;
				ASSETCATALOG_COMPILER_GLOBAL_ACCENT_COLOR_NAME = AccentColor;
				CODE_SIGN_STYLE = Automatic;
				DEVELOPMENT_TEAM = Y3K45A2JKJ;
				INFOPLIST_FILE = SIRHCOBNOMINA/Info.plist;
				IPHONEOS_DEPLOYMENT_TARGET = 11.0;
				LD_RUNPATH_SEARCH_PATHS = (
					"$(inherited)",
					"@executable_path/Frameworks",
				);
				PRODUCT_BUNDLE_IDENTIFIER = CBI.SIRHCOBNOMINA;
				PRODUCT_NAME = "$(TARGET_NAME)";
				SWIFT_VERSION = 5.0;
				TARGETED_DEVICE_FAMILY = "1,2";
			};
			name = Release;
		};
		041D943625C8C6FF001544F8 /* Debug */ = {
			isa = XCBuildConfiguration;
			buildSettings = {
				ALWAYS_EMBED_SWIFT_STANDARD_LIBRARIES = YES;
				BUNDLE_LOADER = "$(TEST_HOST)";
				CODE_SIGN_STYLE = Automatic;
				DEVELOPMENT_TEAM = Y3K45A2JKJ;
				INFOPLIST_FILE = SIRHCOBNOMINATests/Info.plist;
				IPHONEOS_DEPLOYMENT_TARGET = 14.2;
				LD_RUNPATH_SEARCH_PATHS = (
					"$(inherited)",
					"@executable_path/Frameworks",
					"@loader_path/Frameworks",
				);
				PRODUCT_BUNDLE_IDENTIFIER = CBI.SIRHCOBNOMINATests;
				PRODUCT_NAME = "$(TARGET_NAME)";
				SWIFT_VERSION = 5.0;
				TARGETED_DEVICE_FAMILY = "1,2";
				TEST_HOST = "$(BUILT_PRODUCTS_DIR)/SIRHCOBNOMINA.app/SIRHCOBNOMINA";
			};
			name = Debug;
		};
		041D943725C8C6FF001544F8 /* Release */ = {
			isa = XCBuildConfiguration;
			buildSettings = {
				ALWAYS_EMBED_SWIFT_STANDARD_LIBRARIES = YES;
				BUNDLE_LOADER = "$(TEST_HOST)";
				CODE_SIGN_STYLE = Automatic;
				DEVELOPMENT_TEAM = Y3K45A2JKJ;
				INFOPLIST_FILE = SIRHCOBNOMINATests/Info.plist;
				IPHONEOS_DEPLOYMENT_TARGET = 14.2;
				LD_RUNPATH_SEARCH_PATHS = (
					"$(inherited)",
					"@executable_path/Frameworks",
					"@loader_path/Frameworks",
				);
				PRODUCT_BUNDLE_IDENTIFIER = CBI.SIRHCOBNOMINATests;
				PRODUCT_NAME = "$(TARGET_NAME)";
				SWIFT_VERSION = 5.0;
				TARGETED_DEVICE_FAMILY = "1,2";
				TEST_HOST = "$(BUILT_PRODUCTS_DIR)/SIRHCOBNOMINA.app/SIRHCOBNOMINA";
			};
			name = Release;
		};
		041D943925C8C6FF001544F8 /* Debug */ = {
			isa = XCBuildConfiguration;
			buildSettings = {
				ALWAYS_EMBED_SWIFT_STANDARD_LIBRARIES = YES;
				CODE_SIGN_STYLE = Automatic;
				DEVELOPMENT_TEAM = Y3K45A2JKJ;
				INFOPLIST_FILE = SIRHCOBNOMINAUITests/Info.plist;
				LD_RUNPATH_SEARCH_PATHS = (
					"$(inherited)",
					"@executable_path/Frameworks",
					"@loader_path/Frameworks",
				);
				PRODUCT_BUNDLE_IDENTIFIER = CBI.SIRHCOBNOMINAUITests;
				PRODUCT_NAME = "$(TARGET_NAME)";
				SWIFT_VERSION = 5.0;
				TARGETED_DEVICE_FAMILY = "1,2";
				TEST_TARGET_NAME = SIRHCOBNOMINA;
			};
			name = Debug;
		};
		041D943A25C8C6FF001544F8 /* Release */ = {
			isa = XCBuildConfiguration;
			buildSettings = {
				ALWAYS_EMBED_SWIFT_STANDARD_LIBRARIES = YES;
				CODE_SIGN_STYLE = Automatic;
				DEVELOPMENT_TEAM = Y3K45A2JKJ;
				INFOPLIST_FILE = SIRHCOBNOMINAUITests/Info.plist;
				LD_RUNPATH_SEARCH_PATHS = (
					"$(inherited)",
					"@executable_path/Frameworks",
					"@loader_path/Frameworks",
				);
				PRODUCT_BUNDLE_IDENTIFIER = CBI.SIRHCOBNOMINAUITests;
				PRODUCT_NAME = "$(TARGET_NAME)";
				SWIFT_VERSION = 5.0;
				TARGETED_DEVICE_FAMILY = "1,2";
				TEST_TARGET_NAME = SIRHCOBNOMINA;
			};
			name = Release;
		};
/* End XCBuildConfiguration section */

/* Begin XCConfigurationList section */
		041D940025C8C6BA001544F8 /* Build configuration list for PBXProject "SIRHCOBNOMINA" */ = {
			isa = XCConfigurationList;
			buildConfigurations = (
				041D943025C8C6FF001544F8 /* Debug */,
				041D943125C8C6FF001544F8 /* Release */,
			);
			defaultConfigurationIsVisible = 0;
			defaultConfigurationName = Release;
		};
		041D943225C8C6FF001544F8 /* Build configuration list for PBXNativeTarget "SIRHCOBNOMINA" */ = {
			isa = XCConfigurationList;
			buildConfigurations = (
				041D943325C8C6FF001544F8 /* Debug */,
				041D943425C8C6FF001544F8 /* Release */,
			);
			defaultConfigurationIsVisible = 0;
			defaultConfigurationName = Release;
		};
		041D943525C8C6FF001544F8 /* Build configuration list for PBXNativeTarget "SIRHCOBNOMINATests" */ = {
			isa = XCConfigurationList;
			buildConfigurations = (
				041D943625C8C6FF001544F8 /* Debug */,
				041D943725C8C6FF001544F8 /* Release */,
			);
			defaultConfigurationIsVisible = 0;
			defaultConfigurationName = Release;
		};
		041D943825C8C6FF001544F8 /* Build configuration list for PBXNativeTarget "SIRHCOBNOMINAUITests" */ = {
			isa = XCConfigurationList;
			buildConfigurations = (
				041D943925C8C6FF001544F8 /* Debug */,
				041D943A25C8C6FF001544F8 /* Release */,
			);
			defaultConfigurationIsVisible = 0;
			defaultConfigurationName = Release;
		};
/* End XCConfigurationList section */

/* Begin XCVersionGroup section */
		041D941125C8C6BC001544F8 /* SIRHCOBNOMINA.xcdatamodeld */ = {
			isa = XCVersionGroup;
			children = (
				041D941225C8C6BC001544F8 /* SIRHCOBNOMINA.xcdatamodel */,
			);
			currentVersion = 041D941225C8C6BC001544F8 /* SIRHCOBNOMINA.xcdatamodel */;
			path = SIRHCOBNOMINA.xcdatamodeld;
			sourceTree = "<group>";
			versionGroupType = wrapper.xcdatamodel;
		};
/* End XCVersionGroup section */
	};
	rootObject = 041D93FD25C8C6BA001544F8 /* Project object */;
}
